
Microsoft Visual Studio Solution File, Format Version 12.00
# Visual Studio Version 17
VisualStudioVersion = 17.5.33627.172
MinimumVisualStudioVersion = 10.0.40219.1
Project("{FAE04EC0-301F-11D3-BF4B-00C04F79EFBC}") = "CleanHTML", "CleanHTML\CleanHTML.csproj", "{B343BA1F-0980-4C29-BECB-C377D812DC1C}"
EndProject
Global
	GlobalSection(SolutionConfigurationPlatforms) = preSolution
		Debug|Any CPU = Debug|Any CPU
		Release|Any CPU = Release|Any CPU
	EndGlobalSection
	GlobalSection(ProjectConfigurationPlatforms) = postSolution
		{B343BA1F-0980-4C29-BECB-C377D812DC1C}.Debug|Any CPU.ActiveCfg = Debug|Any CPU
		{B343BA1F-0980-4C29-BECB-C377D812DC1C}.Debug|Any CPU.Build.0 = Debug|Any CPU
		{B343BA1F-0980-4C29-BECB-C377D812DC1C}.Release|Any CPU.ActiveCfg = Release|Any CPU
		{B343BA1F-0980-4C29-BECB-C377D812DC1C}.Release|Any CPU.Build.0 = Release|Any CPU
	EndGlobalSection
	GlobalSection(SolutionProperties) = preSolution
		HideSolutionNode = FALSE
	EndGlobalSection
	GlobalSection(ExtensibilityGlobals) = postSolution
		SolutionGuid = {BF0CBD01-25D5-4004-80C5-03793C604BC8}
	EndGlobalSection
EndGlobal
